
Microsoft Visual Studio Solution File, Format Version 12.00
# Visual Studio 15
VisualStudioVersion = 15.0.26403.7
MinimumVisualStudioVersion = 10.0.40219.1
Project("{9A19103F-16F7-4668-BE54-9A1E7A4F7556}") = "angular-cli-visualstudio", "angular-cli-visualstudio.csproj", "{B8C379E0-648F-4CB2-AF50-476D2F5D831B}"
EndProject
Global
	GlobalSection(SolutionConfigurationPlatforms) = preSolution
		Debug|Any CPU = Debug|Any CPU
		Release|Any CPU = Release|Any CPU
	EndGlobalSection
	GlobalSection(ProjectConfigurationPlatforms) = postSolution
		{B8C379E0-648F-4CB2-AF50-476D2F5D831B}.Debug|Any CPU.ActiveCfg = Debug|Any CPU
		{B8C379E0-648F-4CB2-AF50-476D2F5D831B}.Debug|Any CPU.Build.0 = Debug|Any CPU
		{B8C379E0-648F-4CB2-AF50-476D2F5D831B}.Release|Any CPU.ActiveCfg = Release|Any CPU
		{B8C379E0-648F-4CB2-AF50-476D2F5D831B}.Release|Any CPU.Build.0 = Release|Any CPU
	EndGlobalSection
	GlobalSection(SolutionProperties) = preSolution
		HideSolutionNode = FALSE
	EndGlobalSection
EndGlobal
